
Microsoft Visual Studio Solution File, Format Version 12.00
# Visual Studio Version 17
VisualStudioVersion = 17.1.32414.318
MinimumVisualStudioVersion = 10.0.40219.1
Project("{9A19103F-16F7-4668-BE54-9A1E7A4F7556}") = "SignalRServer", "SignalRServer\SignalRServer.csproj", "{9AEE1D42-B79E-469C-BB19-72B55D4DDED9}"
EndProject
Project("{9A19103F-16F7-4668-BE54-9A1E7A4F7556}") = "BlazorClient", "BlazorClient\BlazorClient.csproj", "{92D18E9A-8879-4676-B928-AC05CF63F74D}"
EndProject
Global
	GlobalSection(SolutionConfigurationPlatforms) = preSolution
		Debug|Any CPU = Debug|Any CPU
		Release|Any CPU = Release|Any CPU
	EndGlobalSection
	GlobalSection(ProjectConfigurationPlatforms) = postSolution
		{9AEE1D42-B79E-469C-BB19-72B55D4DDED9}.Debug|Any CPU.ActiveCfg = Debug|Any CPU
		{9AEE1D42-B79E-469C-BB19-72B55D4DDED9}.Debug|Any CPU.Build.0 = Debug|Any CPU
		{9AEE1D42-B79E-469C-BB19-72B55D4DDED9}.Release|Any CPU.ActiveCfg = Release|Any CPU
		{9AEE1D42-B79E-469C-BB19-72B55D4DDED9}.Release|Any CPU.Build.0 = Release|Any CPU
		{92D18E9A-8879-4676-B928-AC05CF63F74D}.Debug|Any CPU.ActiveCfg = Debug|Any CPU
		{92D18E9A-8879-4676-B928-AC05CF63F74D}.Debug|Any CPU.Build.0 = Debug|Any CPU
		{92D18E9A-8879-4676-B928-AC05CF63F74D}.Release|Any CPU.ActiveCfg = Release|Any CPU
		{92D18E9A-8879-4676-B928-AC05CF63F74D}.Release|Any CPU.Build.0 = Release|Any CPU
	EndGlobalSection
	GlobalSection(SolutionProperties) = preSolution
		HideSolutionNode = FALSE
	EndGlobalSection
	GlobalSection(ExtensibilityGlobals) = postSolution
		SolutionGuid = {0B61220A-44BD-4861-9F8A-9A9B10009673}
	EndGlobalSection
EndGlobal
